
Microsoft Visual Studio Solution File, Format Version 12.00
# Visual Studio 2013
VisualStudioVersion = 12.0.40629.0
MinimumVisualStudioVersion = 10.0.40219.1
Project("{FAE04EC0-301F-11D3-BF4B-00C04F79EFBC}") = "WebServer", "WebServer\WebServer.csproj", "{A13D1436-8B00-4160-A370-1387D7220CB0}"
EndProject
Project("{FAE04EC0-301F-11D3-BF4B-00C04F79EFBC}") = "DAL", "..\API_Server\DAO\DAL\DAL.csproj", "{C8160532-92EF-40F5-B9FA-AEB72B2B8646}"
EndProject
Global
	GlobalSection(SolutionConfigurationPlatforms) = preSolution
		Debug|Any CPU = Debug|Any CPU
		Release|Any CPU = Release|Any CPU
	EndGlobalSection
	GlobalSection(ProjectConfigurationPlatforms) = postSolution
		{A13D1436-8B00-4160-A370-1387D7220CB0}.Debug|Any CPU.ActiveCfg = Debug|Any CPU
		{A13D1436-8B00-4160-A370-1387D7220CB0}.Debug|Any CPU.Build.0 = Debug|Any CPU
		{A13D1436-8B00-4160-A370-1387D7220CB0}.Release|Any CPU.ActiveCfg = Release|Any CPU
		{A13D1436-8B00-4160-A370-1387D7220CB0}.Release|Any CPU.Build.0 = Release|Any CPU
		{C8160532-92EF-40F5-B9FA-AEB72B2B8646}.Debug|Any CPU.ActiveCfg = Debug|Any CPU
		{C8160532-92EF-40F5-B9FA-AEB72B2B8646}.Debug|Any CPU.Build.0 = Debug|Any CPU
		{C8160532-92EF-40F5-B9FA-AEB72B2B8646}.Release|Any CPU.ActiveCfg = Release|Any CPU
		{C8160532-92EF-40F5-B9FA-AEB72B2B8646}.Release|Any CPU.Build.0 = Release|Any CPU
	EndGlobalSection
	GlobalSection(SolutionProperties) = preSolution
		HideSolutionNode = FALSE
	EndGlobalSection
EndGlobal
